
Microsoft Visual Studio Solution File, Format Version 12.00
# Visual Studio Version 16
VisualStudioVersion = 16.0.31515.178
MinimumVisualStudioVersion = 10.0.40219.1
Project("{FAE04EC0-301F-11D3-BF4B-00C04F79EFBC}") = "UniqueTrade_App", "UniqueTrade_App\UniqueTrade_App.csproj", "{1CA143D7-B8E8-426B-844C-ED6C70A63A74}"
EndProject
Global
	GlobalSection(SolutionConfigurationPlatforms) = preSolution
		Debug|Any CPU = Debug|Any CPU
		Release|Any CPU = Release|Any CPU
	EndGlobalSection
	GlobalSection(ProjectConfigurationPlatforms) = postSolution
		{1CA143D7-B8E8-426B-844C-ED6C70A63A74}.Debug|Any CPU.ActiveCfg = Debug|Any CPU
		{1CA143D7-B8E8-426B-844C-ED6C70A63A74}.Debug|Any CPU.Build.0 = Debug|Any CPU
		{1CA143D7-B8E8-426B-844C-ED6C70A63A74}.Release|Any CPU.ActiveCfg = Release|Any CPU
		{1CA143D7-B8E8-426B-844C-ED6C70A63A74}.Release|Any CPU.Build.0 = Release|Any CPU
	EndGlobalSection
	GlobalSection(SolutionProperties) = preSolution
		HideSolutionNode = FALSE
	EndGlobalSection
	GlobalSection(ExtensibilityGlobals) = postSolution
		SolutionGuid = {12F7A5A2-D59D-427C-8EB9-EB87028642F9}
	EndGlobalSection
EndGlobal
